<?xml version="1.0" encoding="utf-8"?>
<Project ToolsVersion="4.0" xmlns="http://schemas.microsoft.com/developer/msbuild/2003">
  <ItemGroup>
    <Filter Include="Source Files">
      <UniqueIdentifier>{4FC737F1-C7A5-4376-A066-2A32D752A2FF}</UniqueIdentifier>
      <Extensions>cpp;c;cc;cxx;def;odl;idl;hpj;bat;asm;asmx</Extensions>
    </Filter>
    <Filter Include="Header Files">
      <UniqueIdentifier>{93995380-89BD-4b04-88EB-625FBE52EBFB}</UniqueIdentifier>
      <Extensions>h;hh;hpp;hxx;hm;inl;inc;ipp;xsd</Extensions>
    </Filter>
    <Filter Include="Resource Files">
      <UniqueIdentifier>{67DA6AB6-F800-4c08-8B7A-83BB121AAD01}</UniqueIdentifier>
      <Extensions>rc;ico;cur;bmp;dlg;rc2;rct;bin;rgs;gif;jpg;jpeg;jpe;resx;tiff;tif;png;wav;mfcribbon-ms</Extensions>
    </Filter>
    <Filter Include="Resource Files\Dungeon Tiles">
      <UniqueIdentifier>{bdccd87d-64d0-4d79-a417-1191e497b975}</UniqueIdentifier>
    </Filter>
    <Filter Include="Resource Files\Dungeon Tiles\Player">
      <UniqueIdentifier>{e7471680-1d08-4be8-aa43-ff5198804bf7}</UniqueIdentifier>
    </Filter>
  </ItemGroup>
  <ItemGroup>
    <ClCompile Include="main.cpp">
      <Filter>Source Files</Filter>
    </ClCompile>
    <ClCompile Include="Common.cpp">
      <Filter>Source Files</Filter>
    </ClCompile>
    <ClCompile Include="WorldMap.cpp">
      <Filter>Source Files</Filter>
    </ClCompile>
    <ClCompile Include="BackgroundTile.cpp">
      <Filter>Source Files</Filter>
    </ClCompile>
    <ClCompile Include="Room.cpp">
      <Filter>Source Files</Filter>
    </ClCompile>
    <ClCompile Include="Branch.cpp">
      <Filter>Source Files</Filter>
    </ClCompile>
    <ClCompile Include="ResourceFile.cpp">
      <Filter>Source Files</Filter>
    </ClCompile>
    <ClCompile Include="ResourceTexture.cpp">
      <Filter>Source Files</Filter>
    </ClCompile>
    <ClCompile Include="Renderable.cpp">
      <Filter>Source Files</Filter>
    </ClCompile>
    <ClCompile Include="UpdateReceiver.cpp">
      <Filter>Source Files</Filter>
    </ClCompile>
    <ClCompile Include="Direction.cpp">
      <Filter>Source Files</Filter>
    </ClCompile>
    <ClCompile Include="GameManager.cpp">
      <Filter>Source Files</Filter>
    </ClCompile>
    <ClCompile Include="Math.cpp">
      <Filter>Source Files</Filter>
    </ClCompile>
    <ClCompile Include="Player.cpp">
      <Filter>Source Files</Filter>
    </ClCompile>
    <ClCompile Include="Entity.cpp">
      <Filter>Source Files</Filter>
    </ClCompile>
    <ClCompile Include="AnimatedEntity.cpp">
      <Filter>Source Files</Filter>
    </ClCompile>
    <ClCompile Include="Enemy.cpp">
      <Filter>Source Files</Filter>
    </ClCompile>
    <ClCompile Include="EnemyMage.cpp">
      <Filter>Source Files</Filter>
    </ClCompile>
    <ClCompile Include="SkeletonEnemy.cpp">
      <Filter>Source Files</Filter>
    </ClCompile>
    <ClCompile Include="ThreadPool.cpp">
      <Filter>Source Files</Filter>
    </ClCompile>
  </ItemGroup>
  <ItemGroup>
    <ClInclude Include="Common.h">
      <Filter>Header Files</Filter>
    </ClInclude>
    <ClInclude Include="WorldMap.h">
      <Filter>Header Files</Filter>
    </ClInclude>
    <ClInclude Include="BackgroundTile.h">
      <Filter>Header Files</Filter>
    </ClInclude>
    <ClInclude Include="Room.h">
      <Filter>Header Files</Filter>
    </ClInclude>
    <ClInclude Include="Array2D.h">
      <Filter>Header Files</Filter>
    </ClInclude>
    <ClInclude Include="Branch.h">
      <Filter>Header Files</Filter>
    </ClInclude>
    <ClInclude Include="Direction.h">
      <Filter>Header Files</Filter>
    </ClInclude>
    <ClInclude Include="resource.h">
      <Filter>Header Files</Filter>
    </ClInclude>
    <ClInclude Include="ResourceFile.h">
      <Filter>Header Files</Filter>
    </ClInclude>
    <ClInclude Include="ResourceTexture.h">
      <Filter>Header Files</Filter>
    </ClInclude>
    <ClInclude Include="Renderable.h">
      <Filter>Header Files</Filter>
    </ClInclude>
    <ClInclude Include="UpdateReceiver.h">
      <Filter>Header Files</Filter>
    </ClInclude>
    <ClInclude Include="ObjectManager.h">
      <Filter>Header Files</Filter>
    </ClInclude>
    <ClInclude Include="GameManager.h">
      <Filter>Header Files</Filter>
    </ClInclude>
    <ClInclude Include="Math.h">
      <Filter>Header Files</Filter>
    </ClInclude>
    <ClInclude Include="Player.h">
      <Filter>Header Files</Filter>
    </ClInclude>
    <ClInclude Include="Entity.h">
      <Filter>Header Files</Filter>
    </ClInclude>
    <ClInclude Include="AnimatedEntity.h">
      <Filter>Header Files</Filter>
    </ClInclude>
    <ClInclude Include="Enemy.h">
      <Filter>Header Files</Filter>
    </ClInclude>
    <ClInclude Include="EnemyMage.h">
      <Filter>Header Files</Filter>
    </ClInclude>
    <ClInclude Include="SkeletonEnemy.h">
      <Filter>Header Files</Filter>
    </ClInclude>
    <ClInclude Include="ThreadPool.h">
      <Filter>Header Files</Filter>
    </ClInclude>
  </ItemGroup>
  <ItemGroup>
    <ResourceCompile Include="Dungeon Tower.rc">
      <Filter>Resource Files</Filter>
    </ResourceCompile>
  </ItemGroup>
  <ItemGroup>
    <Image Include="Dungeon Tiles\BottomLeftPiece.png">
      <Filter>Resource Files\Dungeon Tiles</Filter>
    </Image>
    <Image Include="Dungeon Tiles\BottomPiece.png">
      <Filter>Resource Files\Dungeon Tiles</Filter>
    </Image>
    <Image Include="Dungeon Tiles\BottomRightPiece.png">
      <Filter>Resource Files\Dungeon Tiles</Filter>
    </Image>
    <Image Include="Dungeon Tiles\CenterPiece1.png">
      <Filter>Resource Files\Dungeon Tiles</Filter>
    </Image>
    <Image Include="Dungeon Tiles\CenterPiece2.png">
      <Filter>Resource Files\Dungeon Tiles</Filter>
    </Image>
    <Image Include="Dungeon Tiles\LeftPiece.png">
      <Filter>Resource Files\Dungeon Tiles</Filter>
    </Image>
    <Image Include="Dungeon Tiles\RightPiece.png">
      <Filter>Resource Files\Dungeon Tiles</Filter>
    </Image>
    <Image Include="Dungeon Tiles\TopLeftPiece.png">
      <Filter>Resource Files\Dungeon Tiles</Filter>
    </Image>
    <Image Include="Dungeon Tiles\TopPiece.png">
      <Filter>Resource Files\Dungeon Tiles</Filter>
    </Image>
    <Image Include="Dungeon Tiles\TopRightPiece.png">
      <Filter>Resource Files\Dungeon Tiles</Filter>
    </Image>
    <Image Include="Dungeon Tiles\BottomJoint.png">
      <Filter>Resource Files\Dungeon Tiles</Filter>
    </Image>
    <Image Include="Dungeon Tiles\LeftJoint.png">
      <Filter>Resource Files\Dungeon Tiles</Filter>
    </Image>
    <Image Include="Dungeon Tiles\RightJoint.png">
      <Filter>Resource Files\Dungeon Tiles</Filter>
    </Image>
    <Image Include="Dungeon Tiles\TopJoint.png">
      <Filter>Resource Files\Dungeon Tiles</Filter>
    </Image>
    <Image Include="Dungeon Tiles\Player\Player.png">
      <Filter>Resource Files\Dungeon Tiles\Player</Filter>
    </Image>
    <Image Include="Dungeon Tiles\Player\PlayerMageSheet.png">
      <Filter>Resource Files\Dungeon Tiles\Player</Filter>
    </Image>
    <Image Include="Dungeon Tiles\Enemies\Enemy Mage\enemyMageSheet.png">
      <Filter>Resource Files</Filter>
    </Image>
    <Image Include="Dungeon Tiles\Enemies\Skeleton\SkeletonSheet.png">
      <Filter>Resource Files</Filter>
    </Image>
  </ItemGroup>
</Project>